
Microsoft Visual Studio Solution File, Format Version 12.00
# Visual Studio Version 17
VisualStudioVersion = 17.6.33829.357
MinimumVisualStudioVersion = 10.0.40219.1
Project("{FAE04EC0-301F-11D3-BF4B-00C04F79EFBC}") = "CocktailRecipeLookup.Api", "CocktailRecipeLookup.Api\CocktailRecipeLookup.Api.csproj", "{F1772990-0A30-42AC-A72F-F6D6AE75945B}"
EndProject
Global
	GlobalSection(SolutionConfigurationPlatforms) = preSolution
		Debug|Any CPU = Debug|Any CPU
		Release|Any CPU = Release|Any CPU
	EndGlobalSection
	GlobalSection(ProjectConfigurationPlatforms) = postSolution
		{F1772990-0A30-42AC-A72F-F6D6AE75945B}.Debug|Any CPU.ActiveCfg = Debug|Any CPU
		{F1772990-0A30-42AC-A72F-F6D6AE75945B}.Debug|Any CPU.Build.0 = Debug|Any CPU
		{F1772990-0A30-42AC-A72F-F6D6AE75945B}.Release|Any CPU.ActiveCfg = Release|Any CPU
		{F1772990-0A30-42AC-A72F-F6D6AE75945B}.Release|Any CPU.Build.0 = Release|Any CPU
	EndGlobalSection
	GlobalSection(SolutionProperties) = preSolution
		HideSolutionNode = FALSE
	EndGlobalSection
	GlobalSection(ExtensibilityGlobals) = postSolution
		SolutionGuid = {BF1FB61F-AC2F-4279-839E-F4EB6F267996}
	EndGlobalSection
EndGlobal
